
Microsoft Visual Studio Solution File, Format Version 12.00
# Visual Studio Version 17
VisualStudioVersion = 17.10.35013.160
MinimumVisualStudioVersion = 10.0.40219.1
Project("{2150E333-8FDC-42A3-9474-1A3956D46DE8}") = "Domain", "Domain", "{FE5D18A0-D4B7-445C-A5F6-B89A700BA592}"
EndProject
Project("{2150E333-8FDC-42A3-9474-1A3956D46DE8}") = "Infra.Bus", "Infra.Bus", "{FB4D246F-A353-4181-8729-FD98351EAF6A}"
EndProject
Project("{2150E333-8FDC-42A3-9474-1A3956D46DE8}") = "Infra.IoC", "Infra.IoC", "{613EDDC4-0B24-48FC-A546-9D56418F25BF}"
EndProject
Project("{2150E333-8FDC-42A3-9474-1A3956D46DE8}") = "Microservices", "Microservices", "{7F36BE40-B460-4A3C-AE85-B75DB6B8800D}"
EndProject
Project("{9A19103F-16F7-4668-BE54-9A1E7A4F7556}") = "MicroRabbit.Domain.Core", "MicroRabbit.Domain.Core\MicroRabbit.Domain.Core.csproj", "{9F2144E6-A69B-45B8-B8E6-614E4C9355F7}"
EndProject
Project("{9A19103F-16F7-4668-BE54-9A1E7A4F7556}") = "MicroRabbit.Infra.Bus", "MicroRabbit.Infra.Bus\MicroRabbit.Infra.Bus.csproj", "{ACC30DEA-1709-484D-9D43-8B3B5146749A}"
EndProject
Project("{9A19103F-16F7-4668-BE54-9A1E7A4F7556}") = "MicroRabbit.Infra.IoC", "MicroRabbit.Infra.IoC\MicroRabbit.Infra.IoC.csproj", "{C1284A25-A308-471A-817D-88F413B1D446}"
EndProject
Project("{2150E333-8FDC-42A3-9474-1A3956D46DE8}") = "Banking", "Banking", "{D7BCCF77-BDBA-4352-8AEC-ED67477DDE4C}"
EndProject
Project("{2150E333-8FDC-42A3-9474-1A3956D46DE8}") = "Api", "Api", "{7B28FBD1-86A9-4F10-B377-149BFF239CE2}"
EndProject
Project("{2150E333-8FDC-42A3-9474-1A3956D46DE8}") = "Core", "Core", "{84D9D029-27B0-40E4-871F-17D0E9D92F94}"
EndProject
Project("{2150E333-8FDC-42A3-9474-1A3956D46DE8}") = "Infrastructire", "Infrastructire", "{FE55FB85-5C47-4542-A0A6-C92F12AE5645}"
EndProject
Project("{FAE04EC0-301F-11D3-BF4B-00C04F79EFBC}") = "MicroRabbit.Banking.Api", "MicroRabbit.Banking.Api\MicroRabbit.Banking.Api.csproj", "{9487D766-3F29-4AEC-8DA5-5A187721C7E9}"
EndProject
Project("{FAE04EC0-301F-11D3-BF4B-00C04F79EFBC}") = "MicroRabbit.Banking.Application", "MicroRabbit.Banking.Application\MicroRabbit.Banking.Application.csproj", "{0C073331-D726-4692-A7A9-50C064D11F87}"
EndProject
Project("{FAE04EC0-301F-11D3-BF4B-00C04F79EFBC}") = "MicroRabbit.Banking.Domain", "MicroRabbit.Banking.Domain\MicroRabbit.Banking.Domain.csproj", "{F6BBA632-6586-47A9-AD05-3FE9F935CC4E}"
EndProject
Project("{FAE04EC0-301F-11D3-BF4B-00C04F79EFBC}") = "MicroRabbit.Banking.Persistence", "MicroRabbit.Banking.Persistence\MicroRabbit.Banking.Persistence.csproj", "{1E53E9E5-2114-48AE-BB84-60E269B11B35}"
EndProject
Global
	GlobalSection(SolutionConfigurationPlatforms) = preSolution
		Debug|Any CPU = Debug|Any CPU
		Release|Any CPU = Release|Any CPU
	EndGlobalSection
	GlobalSection(ProjectConfigurationPlatforms) = postSolution
		{9F2144E6-A69B-45B8-B8E6-614E4C9355F7}.Debug|Any CPU.ActiveCfg = Debug|Any CPU
		{9F2144E6-A69B-45B8-B8E6-614E4C9355F7}.Debug|Any CPU.Build.0 = Debug|Any CPU
		{9F2144E6-A69B-45B8-B8E6-614E4C9355F7}.Release|Any CPU.ActiveCfg = Release|Any CPU
		{9F2144E6-A69B-45B8-B8E6-614E4C9355F7}.Release|Any CPU.Build.0 = Release|Any CPU
		{ACC30DEA-1709-484D-9D43-8B3B5146749A}.Debug|Any CPU.ActiveCfg = Debug|Any CPU
		{ACC30DEA-1709-484D-9D43-8B3B5146749A}.Debug|Any CPU.Build.0 = Debug|Any CPU
		{ACC30DEA-1709-484D-9D43-8B3B5146749A}.Release|Any CPU.ActiveCfg = Release|Any CPU
		{ACC30DEA-1709-484D-9D43-8B3B5146749A}.Release|Any CPU.Build.0 = Release|Any CPU
		{C1284A25-A308-471A-817D-88F413B1D446}.Debug|Any CPU.ActiveCfg = Debug|Any CPU
		{C1284A25-A308-471A-817D-88F413B1D446}.Debug|Any CPU.Build.0 = Debug|Any CPU
		{C1284A25-A308-471A-817D-88F413B1D446}.Release|Any CPU.ActiveCfg = Release|Any CPU
		{C1284A25-A308-471A-817D-88F413B1D446}.Release|Any CPU.Build.0 = Release|Any CPU
		{9487D766-3F29-4AEC-8DA5-5A187721C7E9}.Debug|Any CPU.ActiveCfg = Debug|Any CPU
		{9487D766-3F29-4AEC-8DA5-5A187721C7E9}.Debug|Any CPU.Build.0 = Debug|Any CPU
		{9487D766-3F29-4AEC-8DA5-5A187721C7E9}.Release|Any CPU.ActiveCfg = Release|Any CPU
		{9487D766-3F29-4AEC-8DA5-5A187721C7E9}.Release|Any CPU.Build.0 = Release|Any CPU
		{0C073331-D726-4692-A7A9-50C064D11F87}.Debug|Any CPU.ActiveCfg = Debug|Any CPU
		{0C073331-D726-4692-A7A9-50C064D11F87}.Debug|Any CPU.Build.0 = Debug|Any CPU
		{0C073331-D726-4692-A7A9-50C064D11F87}.Release|Any CPU.ActiveCfg = Release|Any CPU
		{0C073331-D726-4692-A7A9-50C064D11F87}.Release|Any CPU.Build.0 = Release|Any CPU
		{F6BBA632-6586-47A9-AD05-3FE9F935CC4E}.Debug|Any CPU.ActiveCfg = Debug|Any CPU
		{F6BBA632-6586-47A9-AD05-3FE9F935CC4E}.Debug|Any CPU.Build.0 = Debug|Any CPU
		{F6BBA632-6586-47A9-AD05-3FE9F935CC4E}.Release|Any CPU.ActiveCfg = Release|Any CPU
		{F6BBA632-6586-47A9-AD05-3FE9F935CC4E}.Release|Any CPU.Build.0 = Release|Any CPU
		{1E53E9E5-2114-48AE-BB84-60E269B11B35}.Debug|Any CPU.ActiveCfg = Debug|Any CPU
		{1E53E9E5-2114-48AE-BB84-60E269B11B35}.Debug|Any CPU.Build.0 = Debug|Any CPU
		{1E53E9E5-2114-48AE-BB84-60E269B11B35}.Release|Any CPU.ActiveCfg = Release|Any CPU
		{1E53E9E5-2114-48AE-BB84-60E269B11B35}.Release|Any CPU.Build.0 = Release|Any CPU
	EndGlobalSection
	GlobalSection(SolutionProperties) = preSolution
		HideSolutionNode = FALSE
	EndGlobalSection
	GlobalSection(NestedProjects) = preSolution
		{9F2144E6-A69B-45B8-B8E6-614E4C9355F7} = {FE5D18A0-D4B7-445C-A5F6-B89A700BA592}
		{ACC30DEA-1709-484D-9D43-8B3B5146749A} = {FB4D246F-A353-4181-8729-FD98351EAF6A}
		{C1284A25-A308-471A-817D-88F413B1D446} = {613EDDC4-0B24-48FC-A546-9D56418F25BF}
		{D7BCCF77-BDBA-4352-8AEC-ED67477DDE4C} = {7F36BE40-B460-4A3C-AE85-B75DB6B8800D}
		{7B28FBD1-86A9-4F10-B377-149BFF239CE2} = {D7BCCF77-BDBA-4352-8AEC-ED67477DDE4C}
		{84D9D029-27B0-40E4-871F-17D0E9D92F94} = {D7BCCF77-BDBA-4352-8AEC-ED67477DDE4C}
		{FE55FB85-5C47-4542-A0A6-C92F12AE5645} = {D7BCCF77-BDBA-4352-8AEC-ED67477DDE4C}
		{9487D766-3F29-4AEC-8DA5-5A187721C7E9} = {7B28FBD1-86A9-4F10-B377-149BFF239CE2}
		{0C073331-D726-4692-A7A9-50C064D11F87} = {84D9D029-27B0-40E4-871F-17D0E9D92F94}
		{F6BBA632-6586-47A9-AD05-3FE9F935CC4E} = {84D9D029-27B0-40E4-871F-17D0E9D92F94}
		{1E53E9E5-2114-48AE-BB84-60E269B11B35} = {FE55FB85-5C47-4542-A0A6-C92F12AE5645}
	EndGlobalSection
	GlobalSection(ExtensibilityGlobals) = postSolution
		SolutionGuid = {E104EB42-A981-495C-A925-FC5FE26546C1}
	EndGlobalSection
EndGlobal
